
Microsoft Visual Studio Solution File, Format Version 12.00
# Visual Studio 2013
VisualStudioVersion = 12.0.21005.1
MinimumVisualStudioVersion = 10.0.40219.1
Project("{FAE04EC0-301F-11D3-BF4B-00C04F79EFBC}") = "WebAPIDemo", "WebAPIDemo\WebAPIDemo.csproj", "{A2D8066A-CB54-4A4A-9FF0-1355AAF54307}"
EndProject
Project("{FAE04EC0-301F-11D3-BF4B-00C04F79EFBC}") = "DataAccess", "DataAccess\DataAccess.csproj", "{ED53B0D9-741F-4AF8-8CC2-005BB3354096}"
EndProject
Global
	GlobalSection(SolutionConfigurationPlatforms) = preSolution
		Debug|Any CPU = Debug|Any CPU
		Release|Any CPU = Release|Any CPU
	EndGlobalSection
	GlobalSection(ProjectConfigurationPlatforms) = postSolution
		{A2D8066A-CB54-4A4A-9FF0-1355AAF54307}.Debug|Any CPU.ActiveCfg = Debug|Any CPU
		{A2D8066A-CB54-4A4A-9FF0-1355AAF54307}.Debug|Any CPU.Build.0 = Debug|Any CPU
		{A2D8066A-CB54-4A4A-9FF0-1355AAF54307}.Release|Any CPU.ActiveCfg = Release|Any CPU
		{A2D8066A-CB54-4A4A-9FF0-1355AAF54307}.Release|Any CPU.Build.0 = Release|Any CPU
		{ED53B0D9-741F-4AF8-8CC2-005BB3354096}.Debug|Any CPU.ActiveCfg = Debug|Any CPU
		{ED53B0D9-741F-4AF8-8CC2-005BB3354096}.Debug|Any CPU.Build.0 = Debug|Any CPU
		{ED53B0D9-741F-4AF8-8CC2-005BB3354096}.Release|Any CPU.ActiveCfg = Release|Any CPU
		{ED53B0D9-741F-4AF8-8CC2-005BB3354096}.Release|Any CPU.Build.0 = Release|Any CPU
	EndGlobalSection
	GlobalSection(SolutionProperties) = preSolution
		HideSolutionNode = FALSE
	EndGlobalSection
EndGlobal
